version = 1
revision = 3
requires-python = ">=3.12"

[[package]]
name = "json-logic"
version = "0.6.3"
source = { registry = "https://pypi.org/simple" }
sdist = { url = "https://files.pythonhosted.org/packages/72/e6/676a25a57eddf96fc2d693e609bc1c235a3084be6474d3b5fdad8a4e4417/json_logic-0.6.3.tar.gz", hash = "sha256:d67d4656f4f5b427858141fa8247bf3062d612ebed99005b069d92e31139375f", size = 5783, upload-time = "2015-12-04T10:35:17.322Z" }
wheels = [
    { url = "https://files.pythonhosted.org/packages/03/7f/6ccb8a3f78f891944eaf916b9fc35f3135f995ec6c871e873ba1e5933544/json_logic-0.6.3-py2.py3-none-any.whl", hash = "sha256:dd873af85ae44292cdd708357c16d7788cf7590befa8fa1250cced27589fa7f0", size = 8282, upload-time = "2015-12-04T10:35:12.298Z" },
]

[[package]]
name = "workflow-builder-playground"
version = "0.1.0"
source = { virtual = "." }
dependencies = [
    { name = "json-logic" },
]

[package.metadata]
requires-dist = [{ name = "json-logic", specifier = ">=0.6.3" }]
